
Microsoft Visual Studio Solution File, Format Version 12.00
# Visual Studio 15
VisualStudioVersion = 15.0.26730.8
MinimumVisualStudioVersion = 10.0.40219.1
Project("{FAE04EC0-301F-11D3-BF4B-00C04F79EFBC}") = "NEATExperiments2", "NEATExperiments2.csproj", "{4A48333A-33C5-40A5-A988-5BE7AB35E6F5}"
EndProject
Global
	GlobalSection(SolutionConfigurationPlatforms) = preSolution
		Debug|Any CPU = Debug|Any CPU
		Release|Any CPU = Release|Any CPU
	EndGlobalSection
	GlobalSection(ProjectConfigurationPlatforms) = postSolution
		{4A48333A-33C5-40A5-A988-5BE7AB35E6F5}.Debug|Any CPU.ActiveCfg = Debug|Any CPU
		{4A48333A-33C5-40A5-A988-5BE7AB35E6F5}.Debug|Any CPU.Build.0 = Debug|Any CPU
		{4A48333A-33C5-40A5-A988-5BE7AB35E6F5}.Release|Any CPU.ActiveCfg = Release|Any CPU
		{4A48333A-33C5-40A5-A988-5BE7AB35E6F5}.Release|Any CPU.Build.0 = Release|Any CPU
	EndGlobalSection
	GlobalSection(SolutionProperties) = preSolution
		HideSolutionNode = FALSE
	EndGlobalSection
	GlobalSection(ExtensibilityGlobals) = postSolution
		SolutionGuid = {82C888DC-AD35-4CE6-933D-CA233055E4CF}
	EndGlobalSection
EndGlobal
